
Microsoft Visual Studio Solution File, Format Version 11.00
# Visual Studio 2010
Project("{FAE04EC0-301F-11D3-BF4B-00C04F79EFBC}") = "AnimalShelter", "AnimalShelter.csproj", "{F48273EF-C057-4625-AC48-902AB08935FA}"
EndProject
Project("{FAE04EC0-301F-11D3-BF4B-00C04F79EFBC}") = "AnimalShelterUnitTests", "..\AnimalShelterUnitTests\AnimalShelterUnitTests.csproj", "{D836F210-F0C7-4485-BEA3-480054755E1B}"
EndProject
Project("{2150E333-8FDC-42A3-9474-1A3956D46DE8}") = "Solution Items", "Solution Items", "{C05B4EEF-9062-4E50-8A95-E53A2B03179B}"
	ProjectSection(SolutionItems) = preProject
		AnimalShelter.vsmdi = AnimalShelter.vsmdi
		Local.testsettings = Local.testsettings
		TraceAndTestImpact.testsettings = TraceAndTestImpact.testsettings
	EndProjectSection
EndProject
Global
	GlobalSection(TestCaseManagementSettings) = postSolution
		CategoryFile = AnimalShelter.vsmdi
	EndGlobalSection
	GlobalSection(SolutionConfigurationPlatforms) = preSolution
		Debug|Any CPU = Debug|Any CPU
		Debug|Mixed Platforms = Debug|Mixed Platforms
		Debug|x86 = Debug|x86
		Release|Any CPU = Release|Any CPU
		Release|Mixed Platforms = Release|Mixed Platforms
		Release|x86 = Release|x86
	EndGlobalSection
	GlobalSection(ProjectConfigurationPlatforms) = postSolution
		{F48273EF-C057-4625-AC48-902AB08935FA}.Debug|Any CPU.ActiveCfg = Debug|x86
		{F48273EF-C057-4625-AC48-902AB08935FA}.Debug|Mixed Platforms.ActiveCfg = Debug|x86
		{F48273EF-C057-4625-AC48-902AB08935FA}.Debug|Mixed Platforms.Build.0 = Debug|x86
		{F48273EF-C057-4625-AC48-902AB08935FA}.Debug|x86.ActiveCfg = Debug|x86
		{F48273EF-C057-4625-AC48-902AB08935FA}.Debug|x86.Build.0 = Debug|x86
		{F48273EF-C057-4625-AC48-902AB08935FA}.Release|Any CPU.ActiveCfg = Release|x86
		{F48273EF-C057-4625-AC48-902AB08935FA}.Release|Mixed Platforms.ActiveCfg = Release|x86
		{F48273EF-C057-4625-AC48-902AB08935FA}.Release|Mixed Platforms.Build.0 = Release|x86
		{F48273EF-C057-4625-AC48-902AB08935FA}.Release|x86.ActiveCfg = Release|x86
		{F48273EF-C057-4625-AC48-902AB08935FA}.Release|x86.Build.0 = Release|x86
		{D836F210-F0C7-4485-BEA3-480054755E1B}.Debug|Any CPU.ActiveCfg = Debug|Any CPU
		{D836F210-F0C7-4485-BEA3-480054755E1B}.Debug|Any CPU.Build.0 = Debug|Any CPU
		{D836F210-F0C7-4485-BEA3-480054755E1B}.Debug|Mixed Platforms.ActiveCfg = Debug|Any CPU
		{D836F210-F0C7-4485-BEA3-480054755E1B}.Debug|Mixed Platforms.Build.0 = Debug|Any CPU
		{D836F210-F0C7-4485-BEA3-480054755E1B}.Debug|x86.ActiveCfg = Debug|Any CPU
		{D836F210-F0C7-4485-BEA3-480054755E1B}.Release|Any CPU.ActiveCfg = Release|Any CPU
		{D836F210-F0C7-4485-BEA3-480054755E1B}.Release|Any CPU.Build.0 = Release|Any CPU
		{D836F210-F0C7-4485-BEA3-480054755E1B}.Release|Mixed Platforms.ActiveCfg = Release|Any CPU
		{D836F210-F0C7-4485-BEA3-480054755E1B}.Release|Mixed Platforms.Build.0 = Release|Any CPU
		{D836F210-F0C7-4485-BEA3-480054755E1B}.Release|x86.ActiveCfg = Release|Any CPU
	EndGlobalSection
	GlobalSection(SolutionProperties) = preSolution
		HideSolutionNode = FALSE
	EndGlobalSection
EndGlobal
